// !$*UTF8*$!
{
	archiveVersion = 1;
	classes = {
	};
	objectVersion = 48;
	objects = {

/* Begin PBXBuildFile section */
		B84EC8ED207C2CF900EE6949 /* NewsVideo.swift in Sources */ = {isa = PBXBuildFile; fileRef = B84EC8EC207C2CF900EE6949 /* NewsVideo.swift */; };
		B865BA3220729E7E000BE21E /* AppDelegate.swift in Sources */ = {isa = PBXBuildFile; fileRef = B865BA3120729E7E000BE21E /* AppDelegate.swift */; };
		B865BA3420729E7E000BE21E /* FeedViewController.swift in Sources */ = {isa = PBXBuildFile; fileRef = B865BA3320729E7E000BE21E /* FeedViewController.swift */; };
		B865BA3720729E7E000BE21E /* Main.storyboard in Resources */ = {isa = PBXBuildFile; fileRef = B865BA3520729E7E000BE21E /* Main.storyboard */; };
		B865BA3A20729E7E000BE21E /* nbcNewsfeed.xcdatamodeld in Sources */ = {isa = PBXBuildFile; fileRef = B865BA3820729E7E000BE21E /* nbcNewsfeed.xcdatamodeld */; };
		B865BA3C20729E7E000BE21E /* Assets.xcassets in Resources */ = {isa = PBXBuildFile; fileRef = B865BA3B20729E7E000BE21E /* Assets.xcassets */; };
		B865BA3F20729E7E000BE21E /* LaunchScreen.storyboard in Resources */ = {isa = PBXBuildFile; fileRef = B865BA3D20729E7E000BE21E /* LaunchScreen.storyboard */; };
		B865BA4A20729E7E000BE21E /* nbcNewsfeedTests.swift in Sources */ = {isa = PBXBuildFile; fileRef = B865BA4920729E7E000BE21E /* nbcNewsfeedTests.swift */; };
		B865BA552072A1CC000BE21E /* NewsItem.swift in Sources */ = {isa = PBXBuildFile; fileRef = B865BA542072A1CC000BE21E /* NewsItem.swift */; };
		B865BA572072A427000BE21E /* NetworkHandler.swift in Sources */ = {isa = PBXBuildFile; fileRef = B865BA562072A427000BE21E /* NetworkHandler.swift */; };
		B865BA592072B908000BE21E /* NewsSection.swift in Sources */ = {isa = PBXBuildFile; fileRef = B865BA582072B908000BE21E /* NewsSection.swift */; };
		B871E307207D37D700F36A81 /* VideoPreviewView.swift in Sources */ = {isa = PBXBuildFile; fileRef = B871E306207D37D700F36A81 /* VideoPreviewView.swift */; };
		B880D3B02073FB8E009E0EB5 /* SectionItemTableViewCell.swift in Sources */ = {isa = PBXBuildFile; fileRef = B880D3AF2073FB8E009E0EB5 /* SectionItemTableViewCell.swift */; };
		B880D3B2207401AA009E0EB5 /* Notifications.swift in Sources */ = {isa = PBXBuildFile; fileRef = B880D3B1207401AA009E0EB5 /* Notifications.swift */; };
		B88A1BE72072C42D00250AA1 /* NewsItemFactory.swift in Sources */ = {isa = PBXBuildFile; fileRef = B88A1BE62072C42D00250AA1 /* NewsItemFactory.swift */; };
		B88A1BE92072DEC000250AA1 /* NewsArticle.swift in Sources */ = {isa = PBXBuildFile; fileRef = B88A1BE82072DEC000250AA1 /* NewsArticle.swift */; };
		B88A1BEF2073121100250AA1 /* ArticleTableViewCell.swift in Sources */ = {isa = PBXBuildFile; fileRef = B88A1BEE2073121100250AA1 /* ArticleTableViewCell.swift */; };
		B8E9ABC5207BF896001222F2 /* NewsSectionItem.swift in Sources */ = {isa = PBXBuildFile; fileRef = B8E9ABC4207BF896001222F2 /* NewsSectionItem.swift */; };
		B8E9ABC7207C297F001222F2 /* VideoTableViewCell.swift in Sources */ = {isa = PBXBuildFile; fileRef = B8E9ABC6207C297F001222F2 /* VideoTableViewCell.swift */; };
/* End PBXBuildFile section */

/* Begin PBXContainerItemProxy section */
		B865BA4620729E7E000BE21E /* PBXContainerItemProxy */ = {
			isa = PBXContainerItemProxy;
			containerPortal = B865BA2620729E7E000BE21E /* Project object */;
			proxyType = 1;
			remoteGlobalIDString = B865BA2D20729E7E000BE21E;
			remoteInfo = nbcNewsfeed;
		};
/* End PBXContainerItemProxy section */

/* Begin PBXFileReference section */
		B84EC8EC207C2CF900EE6949 /* NewsVideo.swift */ = {isa = PBXFileReference; lastKnownFileType = sourcecode.swift; path = NewsVideo.swift; sourceTree = "<group>"; };
		B865BA2E20729E7E000BE21E /* nbcNewsfeed.app */ = {isa = PBXFileReference; explicitFileType = wrapper.application; includeInIndex = 0; path = nbcNewsfeed.app; sourceTree = BUILT_PRODUCTS_DIR; };
		B865BA3120729E7E000BE21E /* AppDelegate.swift */ = {isa = PBXFileReference; lastKnownFileType = sourcecode.swift; path = AppDelegate.swift; sourceTree = "<group>"; };
		B865BA3320729E7E000BE21E /* FeedViewController.swift */ = {isa = PBXFileReference; lastKnownFileType = sourcecode.swift; path = FeedViewController.swift; sourceTree = "<group>"; };
		B865BA3620729E7E000BE21E /* Base */ = {isa = PBXFileReference; lastKnownFileType = file.storyboard; name = Base; path = Base.lproj/Main.storyboard; sourceTree = "<group>"; };
		B865BA3920729E7E000BE21E /* nbcNewsfeed.xcdatamodel */ = {isa = PBXFileReference; lastKnownFileType = wrapper.xcdatamodel; path = nbcNewsfeed.xcdatamodel; sourceTree = "<group>"; };
		B865BA3B20729E7E000BE21E /* Assets.xcassets */ = {isa = PBXFileReference; lastKnownFileType = folder.assetcatalog; path = Assets.xcassets; sourceTree = "<group>"; };
		B865BA3E20729E7E000BE21E /* Base */ = {isa = PBXFileReference; lastKnownFileType = file.storyboard; name = Base; path = Base.lproj/LaunchScreen.storyboard; sourceTree = "<group>"; };
		B865BA4020729E7E000BE21E /* Info.plist */ = {isa = PBXFileReference; lastKnownFileType = text.plist.xml; path = Info.plist; sourceTree = "<group>"; };
		B865BA4520729E7E000BE21E /* nbcNewsfeedTests.xctest */ = {isa = PBXFileReference; explicitFileType = wrapper.cfbundle; includeInIndex = 0; path = nbcNewsfeedTests.xctest; sourceTree = BUILT_PRODUCTS_DIR; };
		B865BA4920729E7E000BE21E /* nbcNewsfeedTests.swift */ = {isa = PBXFileReference; lastKnownFileType = sourcecode.swift; path = nbcNewsfeedTests.swift; sourceTree = "<group>"; };
		B865BA4B20729E7E000BE21E /* Info.plist */ = {isa = PBXFileReference; lastKnownFileType = text.plist.xml; path = Info.plist; sourceTree = "<group>"; };
		B865BA542072A1CC000BE21E /* NewsItem.swift */ = {isa = PBXFileReference; lastKnownFileType = sourcecode.swift; path = NewsItem.swift; sourceTree = "<group>"; };
		B865BA562072A427000BE21E /* NetworkHandler.swift */ = {isa = PBXFileReference; lastKnownFileType = sourcecode.swift; path = NetworkHandler.swift; sourceTree = "<group>"; };
		B865BA582072B908000BE21E /* NewsSection.swift */ = {isa = PBXFileReference; lastKnownFileType = sourcecode.swift; path = NewsSection.swift; sourceTree = "<group>"; };
		B871E306207D37D700F36A81 /* VideoPreviewView.swift */ = {isa = PBXFileReference; lastKnownFileType = sourcecode.swift; path = VideoPreviewView.swift; sourceTree = "<group>"; };
		B880D3AF2073FB8E009E0EB5 /* SectionItemTableViewCell.swift */ = {isa = PBXFileReference; lastKnownFileType = sourcecode.swift; path = SectionItemTableViewCell.swift; sourceTree = "<group>"; };
		B880D3B1207401AA009E0EB5 /* Notifications.swift */ = {isa = PBXFileReference; lastKnownFileType = sourcecode.swift; path = Notifications.swift; sourceTree = "<group>"; };
		B88A1BE62072C42D00250AA1 /* NewsItemFactory.swift */ = {isa = PBXFileReference; lastKnownFileType = sourcecode.swift; path = NewsItemFactory.swift; sourceTree = "<group>"; };
		B88A1BE82072DEC000250AA1 /* NewsArticle.swift */ = {isa = PBXFileReference; lastKnownFileType = sourcecode.swift; path = NewsArticle.swift; sourceTree = "<group>"; };
		B88A1BEE2073121100250AA1 /* ArticleTableViewCell.swift */ = {isa = PBXFileReference; lastKnownFileType = sourcecode.swift; path = ArticleTableViewCell.swift; sourceTree = "<group>"; };
		B8E9ABC4207BF896001222F2 /* NewsSectionItem.swift */ = {isa = PBXFileReference; lastKnownFileType = sourcecode.swift; path = NewsSectionItem.swift; sourceTree = "<group>"; };
		B8E9ABC6207C297F001222F2 /* VideoTableViewCell.swift */ = {isa = PBXFileReference; lastKnownFileType = sourcecode.swift; path = VideoTableViewCell.swift; sourceTree = "<group>"; };
/* End PBXFileReference section */

/* Begin PBXFrameworksBuildPhase section */
		B865BA2B20729E7E000BE21E /* Frameworks */ = {
			isa = PBXFrameworksBuildPhase;
			buildActionMask = 2147483647;
			files = (
			);
			runOnlyForDeploymentPostprocessing = 0;
		};
		B865BA4220729E7E000BE21E /* Frameworks */ = {
			isa = PBXFrameworksBuildPhase;
			buildActionMask = 2147483647;
			files = (
			);
			runOnlyForDeploymentPostprocessing = 0;
		};
/* End PBXFrameworksBuildPhase section */

/* Begin PBXGroup section */
		B865BA2520729E7E000BE21E = {
			isa = PBXGroup;
			children = (
				B865BA3020729E7E000BE21E /* nbcNewsfeed */,
				B865BA4820729E7E000BE21E /* nbcNewsfeedTests */,
				B865BA2F20729E7E000BE21E /* Products */,
			);
			sourceTree = "<group>";
		};
		B865BA2F20729E7E000BE21E /* Products */ = {
			isa = PBXGroup;
			children = (
				B865BA2E20729E7E000BE21E /* nbcNewsfeed.app */,
				B865BA4520729E7E000BE21E /* nbcNewsfeedTests.xctest */,
			);
			name = Products;
			sourceTree = "<group>";
		};
		B865BA3020729E7E000BE21E /* nbcNewsfeed */ = {
			isa = PBXGroup;
			children = (
				B88A1BEC2073111400250AA1 /* Model */,
				B88A1BED207311CE00250AA1 /* Views */,
				B865BA3120729E7E000BE21E /* AppDelegate.swift */,
				B865BA3320729E7E000BE21E /* FeedViewController.swift */,
				B865BA3520729E7E000BE21E /* Main.storyboard */,
				B865BA3B20729E7E000BE21E /* Assets.xcassets */,
				B865BA3D20729E7E000BE21E /* LaunchScreen.storyboard */,
				B865BA4020729E7E000BE21E /* Info.plist */,
				B865BA3820729E7E000BE21E /* nbcNewsfeed.xcdatamodeld */,
				B880D3B1207401AA009E0EB5 /* Notifications.swift */,
			);
			path = nbcNewsfeed;
			sourceTree = "<group>";
		};
		B865BA4820729E7E000BE21E /* nbcNewsfeedTests */ = {
			isa = PBXGroup;
			children = (
				B865BA4920729E7E000BE21E /* nbcNewsfeedTests.swift */,
				B865BA4B20729E7E000BE21E /* Info.plist */,
			);
			path = nbcNewsfeedTests;
			sourceTree = "<group>";
		};
		B88A1BEC2073111400250AA1 /* Model */ = {
			isa = PBXGroup;
			children = (
				B865BA542072A1CC000BE21E /* NewsItem.swift */,
				B88A1BE62072C42D00250AA1 /* NewsItemFactory.swift */,
				B865BA562072A427000BE21E /* NetworkHandler.swift */,
				B865BA582072B908000BE21E /* NewsSection.swift */,
				B88A1BE82072DEC000250AA1 /* NewsArticle.swift */,
				B8E9ABC4207BF896001222F2 /* NewsSectionItem.swift */,
				B84EC8EC207C2CF900EE6949 /* NewsVideo.swift */,
			);
			path = Model;
			sourceTree = "<group>";
		};
		B88A1BED207311CE00250AA1 /* Views */ = {
			isa = PBXGroup;
			children = (
				B88A1BEE2073121100250AA1 /* ArticleTableViewCell.swift */,
				B880D3AF2073FB8E009E0EB5 /* SectionItemTableViewCell.swift */,
				B8E9ABC6207C297F001222F2 /* VideoTableViewCell.swift */,
				B871E306207D37D700F36A81 /* VideoPreviewView.swift */,
			);
			path = Views;
			sourceTree = "<group>";
		};
/* End PBXGroup section */

/* Begin PBXNativeTarget section */
		B865BA2D20729E7E000BE21E /* nbcNewsfeed */ = {
			isa = PBXNativeTarget;
			buildConfigurationList = B865BA4E20729E7E000BE21E /* Build configuration list for PBXNativeTarget "nbcNewsfeed" */;
			buildPhases = (
				B865BA2A20729E7E000BE21E /* Sources */,
				B865BA2B20729E7E000BE21E /* Frameworks */,
				B865BA2C20729E7E000BE21E /* Resources */,
			);
			buildRules = (
			);
			dependencies = (
			);
			name = nbcNewsfeed;
			productName = nbcNewsfeed;
			productReference = B865BA2E20729E7E000BE21E /* nbcNewsfeed.app */;
			productType = "com.apple.product-type.application";
		};
		B865BA4420729E7E000BE21E /* nbcNewsfeedTests */ = {
			isa = PBXNativeTarget;
			buildConfigurationList = B865BA5120729E7E000BE21E /* Build configuration list for PBXNativeTarget "nbcNewsfeedTests" */;
			buildPhases = (
				B865BA4120729E7E000BE21E /* Sources */,
				B865BA4220729E7E000BE21E /* Frameworks */,
				B865BA4320729E7E000BE21E /* Resources */,
			);
			buildRules = (
			);
			dependencies = (
				B865BA4720729E7E000BE21E /* PBXTargetDependency */,
			);
			name = nbcNewsfeedTests;
			productName = nbcNewsfeedTests;
			productReference = B865BA4520729E7E000BE21E /* nbcNewsfeedTests.xctest */;
			productType = "com.apple.product-type.bundle.unit-test";
		};
/* End PBXNativeTarget section */

/* Begin PBXProject section */
		B865BA2620729E7E000BE21E /* Project object */ = {
			isa = PBXProject;
			attributes = {
				LastSwiftUpdateCheck = 0920;
				LastUpgradeCheck = 0920;
				ORGANIZATIONNAME = "Yossi Katzin";
				TargetAttributes = {
					B865BA2D20729E7E000BE21E = {
						CreatedOnToolsVersion = 9.2;
						ProvisioningStyle = Automatic;
					};
					B865BA4420729E7E000BE21E = {
						CreatedOnToolsVersion = 9.2;
						ProvisioningStyle = Automatic;
						TestTargetID = B865BA2D20729E7E000BE21E;
					};
				};
			};
			buildConfigurationList = B865BA2920729E7E000BE21E /* Build configuration list for PBXProject "nbcNewsfeed" */;
			compatibilityVersion = "Xcode 8.0";
			developmentRegion = en;
			hasScannedForEncodings = 0;
			knownRegions = (
				en,
				Base,
			);
			mainGroup = B865BA2520729E7E000BE21E;
			productRefGroup = B865BA2F20729E7E000BE21E /* Products */;
			projectDirPath = "";
			projectRoot = "";
			targets = (
				B865BA2D20729E7E000BE21E /* nbcNewsfeed */,
				B865BA4420729E7E000BE21E /* nbcNewsfeedTests */,
			);
		};
/* End PBXProject section */

/* Begin PBXResourcesBuildPhase section */
		B865BA2C20729E7E000BE21E /* Resources */ = {
			isa = PBXResourcesBuildPhase;
			buildActionMask = 2147483647;
			files = (
				B865BA3F20729E7E000BE21E /* LaunchScreen.storyboard in Resources */,
				B865BA3C20729E7E000BE21E /* Assets.xcassets in Resources */,
				B865BA3720729E7E000BE21E /* Main.storyboard in Resources */,
			);
			runOnlyForDeploymentPostprocessing = 0;
		};
		B865BA4320729E7E000BE21E /* Resources */ = {
			isa = PBXResourcesBuildPhase;
			buildActionMask = 2147483647;
			files = (
			);
			runOnlyForDeploymentPostprocessing = 0;
		};
/* End PBXResourcesBuildPhase section */

/* Begin PBXSourcesBuildPhase section */
		B865BA2A20729E7E000BE21E /* Sources */ = {
			isa = PBXSourcesBuildPhase;
			buildActionMask = 2147483647;
			files = (
				B865BA3A20729E7E000BE21E /* nbcNewsfeed.xcdatamodeld in Sources */,
				B8E9ABC7207C297F001222F2 /* VideoTableViewCell.swift in Sources */,
				B88A1BEF2073121100250AA1 /* ArticleTableViewCell.swift in Sources */,
				B880D3B2207401AA009E0EB5 /* Notifications.swift in Sources */,
				B84EC8ED207C2CF900EE6949 /* NewsVideo.swift in Sources */,
				B865BA3420729E7E000BE21E /* FeedViewController.swift in Sources */,
				B865BA592072B908000BE21E /* NewsSection.swift in Sources */,
				B8E9ABC5207BF896001222F2 /* NewsSectionItem.swift in Sources */,
				B865BA3220729E7E000BE21E /* AppDelegate.swift in Sources */,
				B871E307207D37D700F36A81 /* VideoPreviewView.swift in Sources */,
				B865BA552072A1CC000BE21E /* NewsItem.swift in Sources */,
				B880D3B02073FB8E009E0EB5 /* SectionItemTableViewCell.swift in Sources */,
				B88A1BE92072DEC000250AA1 /* NewsArticle.swift in Sources */,
				B88A1BE72072C42D00250AA1 /* NewsItemFactory.swift in Sources */,
				B865BA572072A427000BE21E /* NetworkHandler.swift in Sources */,
			);
			runOnlyForDeploymentPostprocessing = 0;
		};
		B865BA4120729E7E000BE21E /* Sources */ = {
			isa = PBXSourcesBuildPhase;
			buildActionMask = 2147483647;
			files = (
				B865BA4A20729E7E000BE21E /* nbcNewsfeedTests.swift in Sources */,
			);
			runOnlyForDeploymentPostprocessing = 0;
		};
/* End PBXSourcesBuildPhase section */

/* Begin PBXTargetDependency section */
		B865BA4720729E7E000BE21E /* PBXTargetDependency */ = {
			isa = PBXTargetDependency;
			target = B865BA2D20729E7E000BE21E /* nbcNewsfeed */;
			targetProxy = B865BA4620729E7E000BE21E /* PBXContainerItemProxy */;
		};
/* End PBXTargetDependency section */

/* Begin PBXVariantGroup section */
		B865BA3520729E7E000BE21E /* Main.storyboard */ = {
			isa = PBXVariantGroup;
			children = (
				B865BA3620729E7E000BE21E /* Base */,
			);
			name = Main.storyboard;
			sourceTree = "<group>";
		};
		B865BA3D20729E7E000BE21E /* LaunchScreen.storyboard */ = {
			isa = PBXVariantGroup;
			children = (
				B865BA3E20729E7E000BE21E /* Base */,
			);
			name = LaunchScreen.storyboard;
			sourceTree = "<group>";
		};
/* End PBXVariantGroup section */

/* Begin XCBuildConfiguration section */
		B865BA4C20729E7E000BE21E /* Debug */ = {
			isa = XCBuildConfiguration;
			buildSettings = {
				ALWAYS_SEARCH_USER_PATHS = NO;
				CLANG_ANALYZER_NONNULL = YES;
				CLANG_ANALYZER_NUMBER_OBJECT_CONVERSION = YES_AGGRESSIVE;
				CLANG_CXX_LANGUAGE_STANDARD = "gnu++14";
				CLANG_CXX_LIBRARY = "libc++";
				CLANG_ENABLE_MODULES = YES;
				CLANG_ENABLE_OBJC_ARC = YES;
				CLANG_WARN_BLOCK_CAPTURE_AUTORELEASING = YES;
				CLANG_WARN_BOOL_CONVERSION = YES;
				CLANG_WARN_COMMA = YES;
				CLANG_WARN_CONSTANT_CONVERSION = YES;
				CLANG_WARN_DIRECT_OBJC_ISA_USAGE = YES_ERROR;
				CLANG_WARN_DOCUMENTATION_COMMENTS = YES;
				CLANG_WARN_EMPTY_BODY = YES;
				CLANG_WARN_ENUM_CONVERSION = YES;
				CLANG_WARN_INFINITE_RECURSION = YES;
				CLANG_WARN_INT_CONVERSION = YES;
				CLANG_WARN_NON_LITERAL_NULL_CONVERSION = YES;
				CLANG_WARN_OBJC_LITERAL_CONVERSION = YES;
				CLANG_WARN_OBJC_ROOT_CLASS = YES_ERROR;
				CLANG_WARN_RANGE_LOOP_ANALYSIS = YES;
				CLANG_WARN_STRICT_PROTOTYPES = YES;
				CLANG_WARN_SUSPICIOUS_MOVE = YES;
				CLANG_WARN_UNGUARDED_AVAILABILITY = YES_AGGRESSIVE;
				CLANG_WARN_UNREACHABLE_CODE = YES;
				CLANG_WARN__DUPLICATE_METHOD_MATCH = YES;
				CODE_SIGN_IDENTITY = "iPhone Developer";
				COPY_PHASE_STRIP = NO;
				DEBUG_INFORMATION_FORMAT = dwarf;
				ENABLE_STRICT_OBJC_MSGSEND = YES;
				ENABLE_TESTABILITY = YES;
				GCC_C_LANGUAGE_STANDARD = gnu11;
				GCC_DYNAMIC_NO_PIC = NO;
				GCC_NO_COMMON_BLOCKS = YES;
				GCC_OPTIMIZATION_LEVEL = 0;
				GCC_PREPROCESSOR_DEFINITIONS = (
					"DEBUG=1",
					"$(inherited)",
				);
				GCC_WARN_64_TO_32_BIT_CONVERSION = YES;
				GCC_WARN_ABOUT_RETURN_TYPE = YES_ERROR;
				GCC_WARN_UNDECLARED_SELECTOR = YES;
				GCC_WARN_UNINITIALIZED_AUTOS = YES_AGGRESSIVE;
				GCC_WARN_UNUSED_FUNCTION = YES;
				GCC_WARN_UNUSED_VARIABLE = YES;
				IPHONEOS_DEPLOYMENT_TARGET = 11.2;
				MTL_ENABLE_DEBUG_INFO = YES;
				ONLY_ACTIVE_ARCH = YES;
				SDKROOT = iphoneos;
				SWIFT_ACTIVE_COMPILATION_CONDITIONS = DEBUG;
				SWIFT_OPTIMIZATION_LEVEL = "-Onone";
			};
			name = Debug;
		};
		B865BA4D20729E7E000BE21E /* Release */ = {
			isa = XCBuildConfiguration;
			buildSettings = {
				ALWAYS_SEARCH_USER_PATHS = NO;
				CLANG_ANALYZER_NONNULL = YES;
				CLANG_ANALYZER_NUMBER_OBJECT_CONVERSION = YES_AGGRESSIVE;
				CLANG_CXX_LANGUAGE_STANDARD = "gnu++14";
				CLANG_CXX_LIBRARY = "libc++";
				CLANG_ENABLE_MODULES = YES;
				CLANG_ENABLE_OBJC_ARC = YES;
				CLANG_WARN_BLOCK_CAPTURE_AUTORELEASING = YES;
				CLANG_WARN_BOOL_CONVERSION = YES;
				CLANG_WARN_COMMA = YES;
				CLANG_WARN_CONSTANT_CONVERSION = YES;
				CLANG_WARN_DIRECT_OBJC_ISA_USAGE = YES_ERROR;
				CLANG_WARN_DOCUMENTATION_COMMENTS = YES;
				CLANG_WARN_EMPTY_BODY = YES;
				CLANG_WARN_ENUM_CONVERSION = YES;
				CLANG_WARN_INFINITE_RECURSION = YES;
				CLANG_WARN_INT_CONVERSION = YES;
				CLANG_WARN_NON_LITERAL_NULL_CONVERSION = YES;
				CLANG_WARN_OBJC_LITERAL_CONVERSION = YES;
				CLANG_WARN_OBJC_ROOT_CLASS = YES_ERROR;
				CLANG_WARN_RANGE_LOOP_ANALYSIS = YES;
				CLANG_WARN_STRICT_PROTOTYPES = YES;
				CLANG_WARN_SUSPICIOUS_MOVE = YES;
				CLANG_WARN_UNGUARDED_AVAILABILITY = YES_AGGRESSIVE;
				CLANG_WARN_UNREACHABLE_CODE = YES;
				CLANG_WARN__DUPLICATE_METHOD_MATCH = YES;
				CODE_SIGN_IDENTITY = "iPhone Developer";
				COPY_PHASE_STRIP = NO;
				DEBUG_INFORMATION_FORMAT = "dwarf-with-dsym";
				ENABLE_NS_ASSERTIONS = NO;
				ENABLE_STRICT_OBJC_MSGSEND = YES;
				GCC_C_LANGUAGE_STANDARD = gnu11;
				GCC_NO_COMMON_BLOCKS = YES;
				GCC_WARN_64_TO_32_BIT_CONVERSION = YES;
				GCC_WARN_ABOUT_RETURN_TYPE = YES_ERROR;
				GCC_WARN_UNDECLARED_SELECTOR = YES;
				GCC_WARN_UNINITIALIZED_AUTOS = YES_AGGRESSIVE;
				GCC_WARN_UNUSED_FUNCTION = YES;
				GCC_WARN_UNUSED_VARIABLE = YES;
				IPHONEOS_DEPLOYMENT_TARGET = 11.2;
				MTL_ENABLE_DEBUG_INFO = NO;
				SDKROOT = iphoneos;
				SWIFT_OPTIMIZATION_LEVEL = "-Owholemodule";
				VALIDATE_PRODUCT = YES;
			};
			name = Release;
		};
		B865BA4F20729E7E000BE21E /* Debug */ = {
			isa = XCBuildConfiguration;
			buildSettings = {
				ASSETCATALOG_COMPILER_APPICON_NAME = AppIcon;
				CODE_SIGN_STYLE = Automatic;
				DEVELOPMENT_TEAM = D9LN96XAF4;
				INFOPLIST_FILE = nbcNewsfeed/Info.plist;
				LD_RUNPATH_SEARCH_PATHS = "$(inherited) @executable_path/Frameworks";
				PRODUCT_BUNDLE_IDENTIFIER = com.katzin.nbcNewsfeed;
				PRODUCT_NAME = "$(TARGET_NAME)";
				SWIFT_VERSION = 4.0;
				TARGETED_DEVICE_FAMILY = "1,2";
			};
			name = Debug;
		};
		B865BA5020729E7E000BE21E /* Release */ = {
			isa = XCBuildConfiguration;
			buildSettings = {
				ASSETCATALOG_COMPILER_APPICON_NAME = AppIcon;
				CODE_SIGN_STYLE = Automatic;
				DEVELOPMENT_TEAM = D9LN96XAF4;
				INFOPLIST_FILE = nbcNewsfeed/Info.plist;
				LD_RUNPATH_SEARCH_PATHS = "$(inherited) @executable_path/Frameworks";
				PRODUCT_BUNDLE_IDENTIFIER = com.katzin.nbcNewsfeed;
				PRODUCT_NAME = "$(TARGET_NAME)";
				SWIFT_VERSION = 4.0;
				TARGETED_DEVICE_FAMILY = "1,2";
			};
			name = Release;
		};
		B865BA5220729E7E000BE21E /* Debug */ = {
			isa = XCBuildConfiguration;
			buildSettings = {
				ALWAYS_EMBED_SWIFT_STANDARD_LIBRARIES = YES;
				BUNDLE_LOADER = "$(TEST_HOST)";
				CODE_SIGN_STYLE = Automatic;
				DEVELOPMENT_TEAM = D9LN96XAF4;
				INFOPLIST_FILE = nbcNewsfeedTests/Info.plist;
				LD_RUNPATH_SEARCH_PATHS = "$(inherited) @executable_path/Frameworks @loader_path/Frameworks";
				PRODUCT_BUNDLE_IDENTIFIER = com.katzin.nbcNewsfeedTests;
				PRODUCT_NAME = "$(TARGET_NAME)";
				SWIFT_VERSION = 4.0;
				TARGETED_DEVICE_FAMILY = "1,2";
				TEST_HOST = "$(BUILT_PRODUCTS_DIR)/nbcNewsfeed.app/nbcNewsfeed";
			};
			name = Debug;
		};
		B865BA5320729E7E000BE21E /* Release */ = {
			isa = XCBuildConfiguration;
			buildSettings = {
				ALWAYS_EMBED_SWIFT_STANDARD_LIBRARIES = YES;
				BUNDLE_LOADER = "$(TEST_HOST)";
				CODE_SIGN_STYLE = Automatic;
				DEVELOPMENT_TEAM = D9LN96XAF4;
				INFOPLIST_FILE = nbcNewsfeedTests/Info.plist;
				LD_RUNPATH_SEARCH_PATHS = "$(inherited) @executable_path/Frameworks @loader_path/Frameworks";
				PRODUCT_BUNDLE_IDENTIFIER = com.katzin.nbcNewsfeedTests;
				PRODUCT_NAME = "$(TARGET_NAME)";
				SWIFT_VERSION = 4.0;
				TARGETED_DEVICE_FAMILY = "1,2";
				TEST_HOST = "$(BUILT_PRODUCTS_DIR)/nbcNewsfeed.app/nbcNewsfeed";
			};
			name = Release;
		};
/* End XCBuildConfiguration section */

/* Begin XCConfigurationList section */
		B865BA2920729E7E000BE21E /* Build configuration list for PBXProject "nbcNewsfeed" */ = {
			isa = XCConfigurationList;
			buildConfigurations = (
				B865BA4C20729E7E000BE21E /* Debug */,
				B865BA4D20729E7E000BE21E /* Release */,
			);
			defaultConfigurationIsVisible = 0;
			defaultConfigurationName = Release;
		};
		B865BA4E20729E7E000BE21E /* Build configuration list for PBXNativeTarget "nbcNewsfeed" */ = {
			isa = XCConfigurationList;
			buildConfigurations = (
				B865BA4F20729E7E000BE21E /* Debug */,
				B865BA5020729E7E000BE21E /* Release */,
			);
			defaultConfigurationIsVisible = 0;
			defaultConfigurationName = Release;
		};
		B865BA5120729E7E000BE21E /* Build configuration list for PBXNativeTarget "nbcNewsfeedTests" */ = {
			isa = XCConfigurationList;
			buildConfigurations = (
				B865BA5220729E7E000BE21E /* Debug */,
				B865BA5320729E7E000BE21E /* Release */,
			);
			defaultConfigurationIsVisible = 0;
			defaultConfigurationName = Release;
		};
/* End XCConfigurationList section */

/* Begin XCVersionGroup section */
		B865BA3820729E7E000BE21E /* nbcNewsfeed.xcdatamodeld */ = {
			isa = XCVersionGroup;
			children = (
				B865BA3920729E7E000BE21E /* nbcNewsfeed.xcdatamodel */,
			);
			currentVersion = B865BA3920729E7E000BE21E /* nbcNewsfeed.xcdatamodel */;
			path = nbcNewsfeed.xcdatamodeld;
			sourceTree = "<group>";
			versionGroupType = wrapper.xcdatamodel;
		};
/* End XCVersionGroup section */
	};
	rootObject = B865BA2620729E7E000BE21E /* Project object */;
}
